
Microsoft Visual Studio Solution File, Format Version 12.00
# Visual Studio Version 17
VisualStudioVersion = 17.3.32929.385
MinimumVisualStudioVersion = 10.0.40219.1
Project("{FAE04EC0-301F-11D3-BF4B-00C04F79EFBC}") = "ChessTry2", "ChessTry2\ChessTry2.csproj", "{314633FE-5FE1-440E-AD28-2298DC945BD1}"
EndProject
Global
	GlobalSection(SolutionConfigurationPlatforms) = preSolution
		Debug|Any CPU = Debug|Any CPU
		Release|Any CPU = Release|Any CPU
	EndGlobalSection
	GlobalSection(ProjectConfigurationPlatforms) = postSolution
		{314633FE-5FE1-440E-AD28-2298DC945BD1}.Debug|Any CPU.ActiveCfg = Debug|Any CPU
		{314633FE-5FE1-440E-AD28-2298DC945BD1}.Debug|Any CPU.Build.0 = Debug|Any CPU
		{314633FE-5FE1-440E-AD28-2298DC945BD1}.Release|Any CPU.ActiveCfg = Release|Any CPU
		{314633FE-5FE1-440E-AD28-2298DC945BD1}.Release|Any CPU.Build.0 = Release|Any CPU
	EndGlobalSection
	GlobalSection(SolutionProperties) = preSolution
		HideSolutionNode = FALSE
	EndGlobalSection
	GlobalSection(ExtensibilityGlobals) = postSolution
		SolutionGuid = {BABDDB3F-9391-4E33-BE7B-6E51B767A644}
	EndGlobalSection
EndGlobal
